
Microsoft Visual Studio Solution File, Format Version 12.00
# Visual Studio Version 16
VisualStudioVersion = 16.0.31129.286
MinimumVisualStudioVersion = 10.0.40219.1
Project("{FAE04EC0-301F-11D3-BF4B-00C04F79EFBC}") = "ShoppingCar", "ShoppingCar\ShoppingCar.csproj", "{4C97A97A-DBA5-4858-A941-F514FAFDBF3C}"
EndProject
Global
	GlobalSection(SolutionConfigurationPlatforms) = preSolution
		Debug|Any CPU = Debug|Any CPU
		Release|Any CPU = Release|Any CPU
	EndGlobalSection
	GlobalSection(ProjectConfigurationPlatforms) = postSolution
		{4C97A97A-DBA5-4858-A941-F514FAFDBF3C}.Debug|Any CPU.ActiveCfg = Debug|Any CPU
		{4C97A97A-DBA5-4858-A941-F514FAFDBF3C}.Debug|Any CPU.Build.0 = Debug|Any CPU
		{4C97A97A-DBA5-4858-A941-F514FAFDBF3C}.Release|Any CPU.ActiveCfg = Release|Any CPU
		{4C97A97A-DBA5-4858-A941-F514FAFDBF3C}.Release|Any CPU.Build.0 = Release|Any CPU
	EndGlobalSection
	GlobalSection(SolutionProperties) = preSolution
		HideSolutionNode = FALSE
	EndGlobalSection
	GlobalSection(ExtensibilityGlobals) = postSolution
		SolutionGuid = {36F73E83-569C-49B1-B91C-2990E07A5FA9}
	EndGlobalSection
EndGlobal
